{
  "lockfileVersion": 1,
  "configVersion": 1,
  "workspaces": {
    "": {
      "name": "upstash-app",
      "dependencies": {
        "@upstash/ratelimit": "2.2.0",
        "@upstash/redis": "1.39.0",
      },
    },
  },
  "packages": {
    "@upstash/core-analytics": ["@upstash/core-analytics@0.0.10", "", { "dependencies": { "@upstash/redis": "^1.28.3" } }, "sha512-7qJHGxpQgQr9/vmeS1PktEwvNAF7TI4iJDi8Pu2CFZ9YUGHZH4fOP5TfYlZ4aVxfopnELiE4BS4FBjyK7V1/xQ=="],

    "@upstash/ratelimit": ["@upstash/ratelimit@2.2.0", "", { "dependencies": { "@upstash/core-analytics": "^0.0.10" }, "peerDependencies": { "@upstash/redis": "^1.38.2" } }, "sha512-gSydXspG6TJKTh71/gGGv4IGDjD9rXglQfm2jAue2kh4bcfWtEAsG1NW4OqzZd/hubJPojsbOU6AMdS6Xqh0tQ=="],

    "@upstash/redis": ["@upstash/redis@1.39.0", "", { "dependencies": { "uncrypto": "^0.1.3" } }, "sha512-VwkpYTdxSfjSulQS5h16NHtg/1UEheBfvez2AeGKinAujOoGXhXCcohQRzsQ/d2g/XzbjzTVGhG8Ds8uOI0Mxg=="],

    "uncrypto": ["uncrypto@0.1.3", "", {}, "sha512-Ql87qFHB3s/De2ClA9e0gsnS6zXG27SkTiSJwjCc9MebbfapQfuPzumMIUMi38ezPZVNFcHI9sUIepeQfw8J8Q=="],
  }
}
